
Microsoft Visual Studio Solution File, Format Version 12.00
# Visual Studio 15
VisualStudioVersion = 15.0.27703.2018
MinimumVisualStudioVersion = 10.0.40219.1
Project("{2150E333-8FDC-42A3-9474-1A3956D46DE8}") = "2 - Backend", "2 - Backend", "{4D5672EA-C139-4881-AD31-1664B78654F9}"
EndProject
Project("{9A19103F-16F7-4668-BE54-9A1E7A4F7556}") = "Bufunfa.Api", "Bufunfa.Api\Bufunfa.Api.csproj", "{CDF072DA-316A-41AB-A31E-7E6446D0F01B}"
EndProject
Project("{9A19103F-16F7-4668-BE54-9A1E7A4F7556}") = "Bufunfa.Dominio", "Bufunfa.Dominio\Bufunfa.Dominio.csproj", "{C070D343-8624-4AFA-87E3-795546148497}"
EndProject
Project("{9A19103F-16F7-4668-BE54-9A1E7A4F7556}") = "Bufunfa.Infraestrutura.Dados", "Bufunfa.Infraestrutura.Dados\Bufunfa.Infraestrutura.Dados.csproj", "{64DFE2CE-3357-4086-BF42-0F41FBCCE4FE}"
EndProject
Project("{2150E333-8FDC-42A3-9474-1A3956D46DE8}") = "1 - Frontend", "1 - Frontend", "{FF69E9C0-24EE-47EE-874F-C783EFE836C3}"
EndProject
Project("{FAE04EC0-301F-11D3-BF4B-00C04F79EFBC}") = "Bufunfa.Dominio.Testes", "Bufunfa.Dominio.Testes\Bufunfa.Dominio.Testes.csproj", "{8ED74CE1-1352-4315-9EF7-157423AB5260}"
EndProject
Global
	GlobalSection(SolutionConfigurationPlatforms) = preSolution
		Debug|Any CPU = Debug|Any CPU
		Release|Any CPU = Release|Any CPU
	EndGlobalSection
	GlobalSection(ProjectConfigurationPlatforms) = postSolution
		{CDF072DA-316A-41AB-A31E-7E6446D0F01B}.Debug|Any CPU.ActiveCfg = Debug|Any CPU
		{CDF072DA-316A-41AB-A31E-7E6446D0F01B}.Debug|Any CPU.Build.0 = Debug|Any CPU
		{CDF072DA-316A-41AB-A31E-7E6446D0F01B}.Release|Any CPU.ActiveCfg = Release|Any CPU
		{CDF072DA-316A-41AB-A31E-7E6446D0F01B}.Release|Any CPU.Build.0 = Release|Any CPU
		{C070D343-8624-4AFA-87E3-795546148497}.Debug|Any CPU.ActiveCfg = Debug|Any CPU
		{C070D343-8624-4AFA-87E3-795546148497}.Debug|Any CPU.Build.0 = Debug|Any CPU
		{C070D343-8624-4AFA-87E3-795546148497}.Release|Any CPU.ActiveCfg = Release|Any CPU
		{C070D343-8624-4AFA-87E3-795546148497}.Release|Any CPU.Build.0 = Release|Any CPU
		{64DFE2CE-3357-4086-BF42-0F41FBCCE4FE}.Debug|Any CPU.ActiveCfg = Debug|Any CPU
		{64DFE2CE-3357-4086-BF42-0F41FBCCE4FE}.Debug|Any CPU.Build.0 = Debug|Any CPU
		{64DFE2CE-3357-4086-BF42-0F41FBCCE4FE}.Release|Any CPU.ActiveCfg = Release|Any CPU
		{64DFE2CE-3357-4086-BF42-0F41FBCCE4FE}.Release|Any CPU.Build.0 = Release|Any CPU
		{8ED74CE1-1352-4315-9EF7-157423AB5260}.Debug|Any CPU.ActiveCfg = Debug|Any CPU
		{8ED74CE1-1352-4315-9EF7-157423AB5260}.Debug|Any CPU.Build.0 = Debug|Any CPU
		{8ED74CE1-1352-4315-9EF7-157423AB5260}.Release|Any CPU.ActiveCfg = Release|Any CPU
		{8ED74CE1-1352-4315-9EF7-157423AB5260}.Release|Any CPU.Build.0 = Release|Any CPU
	EndGlobalSection
	GlobalSection(SolutionProperties) = preSolution
		HideSolutionNode = FALSE
	EndGlobalSection
	GlobalSection(NestedProjects) = preSolution
		{CDF072DA-316A-41AB-A31E-7E6446D0F01B} = {4D5672EA-C139-4881-AD31-1664B78654F9}
		{C070D343-8624-4AFA-87E3-795546148497} = {4D5672EA-C139-4881-AD31-1664B78654F9}
		{64DFE2CE-3357-4086-BF42-0F41FBCCE4FE} = {4D5672EA-C139-4881-AD31-1664B78654F9}
		{8ED74CE1-1352-4315-9EF7-157423AB5260} = {4D5672EA-C139-4881-AD31-1664B78654F9}
	EndGlobalSection
	GlobalSection(ExtensibilityGlobals) = postSolution
		SolutionGuid = {83B52613-069C-44FD-B3DE-741BE1FF2411}
	EndGlobalSection
EndGlobal
