
Microsoft Visual Studio Solution File, Format Version 12.00
# Visual Studio 15
VisualStudioVersion = 15.0.27703.2018
MinimumVisualStudioVersion = 10.0.40219.1
Project("{2150E333-8FDC-42A3-9474-1A3956D46DE8}") = "2 - Backend", "2 - Backend", "{4D5672EA-C139-4881-AD31-1664B78654F9}"
EndProject
Project("{9A19103F-16F7-4668-BE54-9A1E7A4F7556}") = "Bufunfa.Api", "Bufunfa.Api\Bufunfa.Api.csproj", "{CDF072DA-316A-41AB-A31E-7E6446D0F01B}"
EndProject
Project("{9A19103F-16F7-4668-BE54-9A1E7A4F7556}") = "Bufunfa.Dominio", "Bufunfa.Dominio\Bufunfa.Dominio.csproj", "{C070D343-8624-4AFA-87E3-795546148497}"
EndProject
Project("{9A19103F-16F7-4668-BE54-9A1E7A4F7556}") = "Bufunfa.Infraestrutura.Dados", "Bufunfa.Infraestrutura.Dados\Bufunfa.Infraestrutura.Dados.csproj", "{64DFE2CE-3357-4086-BF42-0F41FBCCE4FE}"
EndProject
Project("{2150E333-8FDC-42A3-9474-1A3956D46DE8}") = "1 - Frontend", "1 - Frontend", "{FF69E9C0-24EE-47EE-874F-C783EFE836C3}"
EndProject
Project("{9A19103F-16F7-4668-BE54-9A1E7A4F7556}") = "Bufunfa.Dominio.Testes", "Bufunfa.Dominio.Testes\Bufunfa.Dominio.Testes.csproj", "{8ED74CE1-1352-4315-9EF7-157423AB5260}"
EndProject
Project("{2150E333-8FDC-42A3-9474-1A3956D46DE8}") = "2 - Dominio", "2 - Dominio", "{F6F68E5F-799F-47FD-8773-C680D8786C8E}"
EndProject
Project("{2150E333-8FDC-42A3-9474-1A3956D46DE8}") = "1 - API", "1 - API", "{100C0482-2E3C-4009-9935-B4F41B79143C}"
EndProject
Project("{2150E333-8FDC-42A3-9474-1A3956D46DE8}") = "3 - Infraestrutura", "3 - Infraestrutura", "{5CE3ADF5-B3E4-4BBA-8FA9-CF3D493DCAA7}"
EndProject
Project("{9A19103F-16F7-4668-BE54-9A1E7A4F7556}") = "Bufunfa.Infraestrutura", "Bufunfa.Infraestrutura\Bufunfa.Infraestrutura.csproj", "{0A08AADA-91FF-4A0D-A100-296F92569A00}"
EndProject
Global
	GlobalSection(SolutionConfigurationPlatforms) = preSolution
		Debug|Any CPU = Debug|Any CPU
		Release|Any CPU = Release|Any CPU
	EndGlobalSection
	GlobalSection(ProjectConfigurationPlatforms) = postSolution
		{CDF072DA-316A-41AB-A31E-7E6446D0F01B}.Debug|Any CPU.ActiveCfg = Debug|Any CPU
		{CDF072DA-316A-41AB-A31E-7E6446D0F01B}.Debug|Any CPU.Build.0 = Debug|Any CPU
		{CDF072DA-316A-41AB-A31E-7E6446D0F01B}.Release|Any CPU.ActiveCfg = Release|Any CPU
		{CDF072DA-316A-41AB-A31E-7E6446D0F01B}.Release|Any CPU.Build.0 = Release|Any CPU
		{C070D343-8624-4AFA-87E3-795546148497}.Debug|Any CPU.ActiveCfg = Debug|Any CPU
		{C070D343-8624-4AFA-87E3-795546148497}.Debug|Any CPU.Build.0 = Debug|Any CPU
		{C070D343-8624-4AFA-87E3-795546148497}.Release|Any CPU.ActiveCfg = Release|Any CPU
		{C070D343-8624-4AFA-87E3-795546148497}.Release|Any CPU.Build.0 = Release|Any CPU
		{64DFE2CE-3357-4086-BF42-0F41FBCCE4FE}.Debug|Any CPU.ActiveCfg = Debug|Any CPU
		{64DFE2CE-3357-4086-BF42-0F41FBCCE4FE}.Debug|Any CPU.Build.0 = Debug|Any CPU
		{64DFE2CE-3357-4086-BF42-0F41FBCCE4FE}.Release|Any CPU.ActiveCfg = Release|Any CPU
		{64DFE2CE-3357-4086-BF42-0F41FBCCE4FE}.Release|Any CPU.Build.0 = Release|Any CPU
		{8ED74CE1-1352-4315-9EF7-157423AB5260}.Debug|Any CPU.ActiveCfg = Debug|Any CPU
		{8ED74CE1-1352-4315-9EF7-157423AB5260}.Debug|Any CPU.Build.0 = Debug|Any CPU
		{8ED74CE1-1352-4315-9EF7-157423AB5260}.Release|Any CPU.ActiveCfg = Release|Any CPU
		{8ED74CE1-1352-4315-9EF7-157423AB5260}.Release|Any CPU.Build.0 = Release|Any CPU
		{0A08AADA-91FF-4A0D-A100-296F92569A00}.Debug|Any CPU.ActiveCfg = Debug|Any CPU
		{0A08AADA-91FF-4A0D-A100-296F92569A00}.Debug|Any CPU.Build.0 = Debug|Any CPU
		{0A08AADA-91FF-4A0D-A100-296F92569A00}.Release|Any CPU.ActiveCfg = Release|Any CPU
		{0A08AADA-91FF-4A0D-A100-296F92569A00}.Release|Any CPU.Build.0 = Release|Any CPU
	EndGlobalSection
	GlobalSection(SolutionProperties) = preSolution
		HideSolutionNode = FALSE
	EndGlobalSection
	GlobalSection(NestedProjects) = preSolution
		{CDF072DA-316A-41AB-A31E-7E6446D0F01B} = {100C0482-2E3C-4009-9935-B4F41B79143C}
		{C070D343-8624-4AFA-87E3-795546148497} = {F6F68E5F-799F-47FD-8773-C680D8786C8E}
		{64DFE2CE-3357-4086-BF42-0F41FBCCE4FE} = {5CE3ADF5-B3E4-4BBA-8FA9-CF3D493DCAA7}
		{8ED74CE1-1352-4315-9EF7-157423AB5260} = {F6F68E5F-799F-47FD-8773-C680D8786C8E}
		{F6F68E5F-799F-47FD-8773-C680D8786C8E} = {4D5672EA-C139-4881-AD31-1664B78654F9}
		{100C0482-2E3C-4009-9935-B4F41B79143C} = {4D5672EA-C139-4881-AD31-1664B78654F9}
		{5CE3ADF5-B3E4-4BBA-8FA9-CF3D493DCAA7} = {4D5672EA-C139-4881-AD31-1664B78654F9}
		{0A08AADA-91FF-4A0D-A100-296F92569A00} = {5CE3ADF5-B3E4-4BBA-8FA9-CF3D493DCAA7}
	EndGlobalSection
	GlobalSection(ExtensibilityGlobals) = postSolution
		SolutionGuid = {83B52613-069C-44FD-B3DE-741BE1FF2411}
	EndGlobalSection
EndGlobal
